
Microsoft Visual Studio Solution File, Format Version 12.00
# Visual Studio Version 17
VisualStudioVersion = 17.2.32516.85
MinimumVisualStudioVersion = 10.0.40219.1
Project("{FAE04EC0-301F-11D3-BF4B-00C04F79EFBC}") = "ShoppingBasket.Service", "ShoppingBasket.Service\ShoppingBasket.Service.csproj", "{F1DD0FE6-B60B-4D77-B4DA-5611197EA3AD}"
EndProject
Project("{FAE04EC0-301F-11D3-BF4B-00C04F79EFBC}") = "ShoppingBasket.Service.Tests", "ShoppingBasket.Service.Tests\ShoppingBasket.Service.Tests.csproj", "{D177DA56-146B-4ECE-8160-F9605E80DFDA}"
EndProject
Global
	GlobalSection(SolutionConfigurationPlatforms) = preSolution
		Debug|Any CPU = Debug|Any CPU
		Release|Any CPU = Release|Any CPU
	EndGlobalSection
	GlobalSection(ProjectConfigurationPlatforms) = postSolution
		{F1DD0FE6-B60B-4D77-B4DA-5611197EA3AD}.Debug|Any CPU.ActiveCfg = Debug|Any CPU
		{F1DD0FE6-B60B-4D77-B4DA-5611197EA3AD}.Debug|Any CPU.Build.0 = Debug|Any CPU
		{F1DD0FE6-B60B-4D77-B4DA-5611197EA3AD}.Release|Any CPU.ActiveCfg = Release|Any CPU
		{F1DD0FE6-B60B-4D77-B4DA-5611197EA3AD}.Release|Any CPU.Build.0 = Release|Any CPU
		{D177DA56-146B-4ECE-8160-F9605E80DFDA}.Debug|Any CPU.ActiveCfg = Debug|Any CPU
		{D177DA56-146B-4ECE-8160-F9605E80DFDA}.Debug|Any CPU.Build.0 = Debug|Any CPU
		{D177DA56-146B-4ECE-8160-F9605E80DFDA}.Release|Any CPU.ActiveCfg = Release|Any CPU
		{D177DA56-146B-4ECE-8160-F9605E80DFDA}.Release|Any CPU.Build.0 = Release|Any CPU
	EndGlobalSection
	GlobalSection(SolutionProperties) = preSolution
		HideSolutionNode = FALSE
	EndGlobalSection
	GlobalSection(ExtensibilityGlobals) = postSolution
		SolutionGuid = {2557888D-3812-4BC2-AE41-CEB28EF38EC6}
	EndGlobalSection
EndGlobal
